
Microsoft Visual Studio Solution File, Format Version 12.00
# Visual Studio 15
VisualStudioVersion = 15.0.28010.2041
MinimumVisualStudioVersion = 10.0.40219.1
Project("{8BC9CEB8-8B4A-11D0-8D11-00A0C91BC942}") = "1612374_Lab04", "1612374_Lab04\1612374_Lab04.vcxproj", "{D8D427F2-34BF-46DE-B82C-195E8C4863EF}"
EndProject
Global
	GlobalSection(SolutionConfigurationPlatforms) = preSolution
		Debug|x64 = Debug|x64
		Debug|x86 = Debug|x86
		Release|x64 = Release|x64
		Release|x86 = Release|x86
	EndGlobalSection
	GlobalSection(ProjectConfigurationPlatforms) = postSolution
		{D8D427F2-34BF-46DE-B82C-195E8C4863EF}.Debug|x64.ActiveCfg = Debug|x64
		{D8D427F2-34BF-46DE-B82C-195E8C4863EF}.Debug|x64.Build.0 = Debug|x64
		{D8D427F2-34BF-46DE-B82C-195E8C4863EF}.Debug|x86.ActiveCfg = Debug|Win32
		{D8D427F2-34BF-46DE-B82C-195E8C4863EF}.Debug|x86.Build.0 = Debug|Win32
		{D8D427F2-34BF-46DE-B82C-195E8C4863EF}.Release|x64.ActiveCfg = Release|x64
		{D8D427F2-34BF-46DE-B82C-195E8C4863EF}.Release|x64.Build.0 = Release|x64
		{D8D427F2-34BF-46DE-B82C-195E8C4863EF}.Release|x86.ActiveCfg = Release|Win32
		{D8D427F2-34BF-46DE-B82C-195E8C4863EF}.Release|x86.Build.0 = Release|Win32
	EndGlobalSection
	GlobalSection(SolutionProperties) = preSolution
		HideSolutionNode = FALSE
	EndGlobalSection
	GlobalSection(ExtensibilityGlobals) = postSolution
		SolutionGuid = {7E7CF4CD-1BEF-426C-B408-769D10EFEEC0}
	EndGlobalSection
EndGlobal
